
Microsoft Visual Studio Solution File, Format Version 12.00
# Visual Studio Version 16
VisualStudioVersion = 16.0.29806.167
MinimumVisualStudioVersion = 10.0.40219.1
Project("{F14B399A-7131-4C87-9E4B-1186C45EF12D}") = "Stocks Report", "Stocks Report.rptproj", "{CF739110-6FFD-41E5-8E76-1B8C845AB244}"
EndProject
Global
	GlobalSection(SolutionConfigurationPlatforms) = preSolution
		Debug|Default = Debug|Default
		DebugLocal|Default = DebugLocal|Default
		Release|Default = Release|Default
	EndGlobalSection
	GlobalSection(ProjectConfigurationPlatforms) = postSolution
		{CF739110-6FFD-41E5-8E76-1B8C845AB244}.Debug|Default.ActiveCfg = Debug
		{CF739110-6FFD-41E5-8E76-1B8C845AB244}.Debug|Default.Build.0 = Debug
		{CF739110-6FFD-41E5-8E76-1B8C845AB244}.Debug|Default.Deploy.0 = Debug
		{CF739110-6FFD-41E5-8E76-1B8C845AB244}.DebugLocal|Default.ActiveCfg = DebugLocal
		{CF739110-6FFD-41E5-8E76-1B8C845AB244}.DebugLocal|Default.Build.0 = DebugLocal
		{CF739110-6FFD-41E5-8E76-1B8C845AB244}.Release|Default.ActiveCfg = Release
		{CF739110-6FFD-41E5-8E76-1B8C845AB244}.Release|Default.Build.0 = Release
		{CF739110-6FFD-41E5-8E76-1B8C845AB244}.Release|Default.Deploy.0 = Release
	EndGlobalSection
	GlobalSection(SolutionProperties) = preSolution
		HideSolutionNode = FALSE
	EndGlobalSection
	GlobalSection(ExtensibilityGlobals) = postSolution
		SolutionGuid = {294F9A77-9C57-47C3-B537-A2FFBC447EB2}
	EndGlobalSection
EndGlobal
